
Microsoft Visual Studio Solution File, Format Version 12.00
# Visual Studio Version 17
VisualStudioVersion = 17.11.35312.102
MinimumVisualStudioVersion = 10.0.40219.1
Project("{FAE04EC0-301F-11D3-BF4B-00C04F79EFBC}") = "VideoGame", "VideoGame.csproj", "{171A24E2-26CB-4F13-BBAC-6055C422B6AE}"
EndProject
Project("{FAE04EC0-301F-11D3-BF4B-00C04F79EFBC}") = "VideoGame.Tests", "VideoGame.Tests\VideoGame.Tests.csproj", "{1F31E17E-B962-4D7B-9699-CCE9B8CD8E43}"
EndProject
Global
	GlobalSection(SolutionConfigurationPlatforms) = preSolution
		Debug|Any CPU = Debug|Any CPU
		Release|Any CPU = Release|Any CPU
	EndGlobalSection
	GlobalSection(ProjectConfigurationPlatforms) = postSolution
		{171A24E2-26CB-4F13-BBAC-6055C422B6AE}.Debug|Any CPU.ActiveCfg = Debug|Any CPU
		{171A24E2-26CB-4F13-BBAC-6055C422B6AE}.Debug|Any CPU.Build.0 = Debug|Any CPU
		{171A24E2-26CB-4F13-BBAC-6055C422B6AE}.Release|Any CPU.ActiveCfg = Release|Any CPU
		{171A24E2-26CB-4F13-BBAC-6055C422B6AE}.Release|Any CPU.Build.0 = Release|Any CPU
		{1F31E17E-B962-4D7B-9699-CCE9B8CD8E43}.Debug|Any CPU.ActiveCfg = Debug|Any CPU
		{1F31E17E-B962-4D7B-9699-CCE9B8CD8E43}.Debug|Any CPU.Build.0 = Debug|Any CPU
		{1F31E17E-B962-4D7B-9699-CCE9B8CD8E43}.Release|Any CPU.ActiveCfg = Release|Any CPU
		{1F31E17E-B962-4D7B-9699-CCE9B8CD8E43}.Release|Any CPU.Build.0 = Release|Any CPU
	EndGlobalSection
	GlobalSection(SolutionProperties) = preSolution
		HideSolutionNode = FALSE
	EndGlobalSection
	GlobalSection(ExtensibilityGlobals) = postSolution
		SolutionGuid = {E1E1538B-8B66-4A73-841C-5DF2CF89C2CF}
	EndGlobalSection
EndGlobal
